
Microsoft Visual Studio Solution File, Format Version 12.00
# Visual Studio Version 17
VisualStudioVersion = 17.4.33205.214
MinimumVisualStudioVersion = 10.0.40219.1
Project("{FAE04EC0-301F-11D3-BF4B-00C04F79EFBC}") = "MyCoffeePreparationApp", "MyCoffeePreparationApp\MyCoffeePreparationApp.csproj", "{9FE98D44-C106-4D6A-A74C-8C662C2E83CA}"
EndProject
Global
	GlobalSection(SolutionConfigurationPlatforms) = preSolution
		Debug|Any CPU = Debug|Any CPU
		Release|Any CPU = Release|Any CPU
	EndGlobalSection
	GlobalSection(ProjectConfigurationPlatforms) = postSolution
		{9FE98D44-C106-4D6A-A74C-8C662C2E83CA}.Debug|Any CPU.ActiveCfg = Debug|Any CPU
		{9FE98D44-C106-4D6A-A74C-8C662C2E83CA}.Debug|Any CPU.Build.0 = Debug|Any CPU
		{9FE98D44-C106-4D6A-A74C-8C662C2E83CA}.Release|Any CPU.ActiveCfg = Release|Any CPU
		{9FE98D44-C106-4D6A-A74C-8C662C2E83CA}.Release|Any CPU.Build.0 = Release|Any CPU
	EndGlobalSection
	GlobalSection(SolutionProperties) = preSolution
		HideSolutionNode = FALSE
	EndGlobalSection
	GlobalSection(ExtensibilityGlobals) = postSolution
		SolutionGuid = {84F16421-8270-48E6-8C25-FCBF502D20C0}
	EndGlobalSection
EndGlobal
